
Microsoft Visual Studio Solution File, Format Version 12.00
# Visual Studio Version 17
VisualStudioVersion = 17.0.32014.148
MinimumVisualStudioVersion = 10.0.40219.1
Project("{FAE04EC0-301F-11D3-BF4B-00C04F79EFBC}") = "Prisma", "Prisma.csproj", "{928B78EE-C7A4-41F4-B3DB-1FCD48D3805B}"
EndProject
Global
	GlobalSection(SolutionConfigurationPlatforms) = preSolution
		Debug|Any CPU = Debug|Any CPU
		Release|Any CPU = Release|Any CPU
	EndGlobalSection
	GlobalSection(ProjectConfigurationPlatforms) = postSolution
		{928B78EE-C7A4-41F4-B3DB-1FCD48D3805B}.Debug|Any CPU.ActiveCfg = Debug|Any CPU
		{928B78EE-C7A4-41F4-B3DB-1FCD48D3805B}.Debug|Any CPU.Build.0 = Debug|Any CPU
		{928B78EE-C7A4-41F4-B3DB-1FCD48D3805B}.Release|Any CPU.ActiveCfg = Release|Any CPU
		{928B78EE-C7A4-41F4-B3DB-1FCD48D3805B}.Release|Any CPU.Build.0 = Release|Any CPU
	EndGlobalSection
	GlobalSection(SolutionProperties) = preSolution
		HideSolutionNode = FALSE
	EndGlobalSection
	GlobalSection(ExtensibilityGlobals) = postSolution
		SolutionGuid = {C3963F6E-9A5B-41C9-B200-6A999298A74F}
	EndGlobalSection
EndGlobal
